# @generated - this file is auto-generated by `mise lock` https://mise.jdx.dev/dev-tools/mise-lock.html

[[tools.node]]
version = "24.10.0"
backend = "core:node"

[tools.node."platforms.linux-arm64"]
checksum = "sha256:42776dfc722991b1ac9f302f3d7b5cf989cf7aca519b479c50e59f0663803b73"
url = "https://nodejs.org/dist/v24.10.0/node-v24.10.0-linux-arm64.tar.gz"

[tools.node."platforms.linux-arm64-musl"]
checksum = "sha256:42776dfc722991b1ac9f302f3d7b5cf989cf7aca519b479c50e59f0663803b73"
url = "https://nodejs.org/dist/v24.10.0/node-v24.10.0-linux-arm64.tar.gz"

[tools.node."platforms.linux-x64"]
checksum = "sha256:2b03c5417ce0b1076780df00e01da373bead3b4b80d1c78c1ad10ee7b918d90c"
url = "https://nodejs.org/dist/v24.10.0/node-v24.10.0-linux-x64.tar.gz"

[tools.node."platforms.linux-x64-musl"]
checksum = "sha256:2b03c5417ce0b1076780df00e01da373bead3b4b80d1c78c1ad10ee7b918d90c"
url = "https://nodejs.org/dist/v24.10.0/node-v24.10.0-linux-x64.tar.gz"

[tools.node."platforms.macos-arm64"]
checksum = "sha256:fbc3d6e1e1d962450d058e918214373872cc4c46e08673f31c35932afac4a8c5"
url = "https://nodejs.org/dist/v24.10.0/node-v24.10.0-darwin-arm64.tar.gz"

[tools.node."platforms.macos-x64"]
checksum = "sha256:627b884f66db0dd35f4b46fb9e994774ce560a7fb60798ba1ab81e867a73687d"
url = "https://nodejs.org/dist/v24.10.0/node-v24.10.0-darwin-x64.tar.gz"

[tools.node."platforms.windows-x64"]
checksum = "sha256:adc1a2d5ca79c92e94f3a58c3ec0efa76bdb488769ba4d4b50990e4c84896060"
url = "https://nodejs.org/dist/v24.10.0/node-v24.10.0-win-x64.zip"

[[tools.yarn]]
version = "4.14.1"
backend = "vfox:mise-plugins/vfox-yarn"
