# @generated - this file is auto-generated by `mise lock` https://mise.en.dev/dev-tools/mise-lock.html

[[tools.android-sdk]]
version = "20.0"
backend = "vfox:mise-plugins/vfox-android-sdk"

[tools.android-sdk."platforms.linux-arm64"]
url = "https://dl.google.com/android/repository/commandlinetools-linux-14742923_latest.zip"

[tools.android-sdk."platforms.linux-arm64-musl"]
url = "https://dl.google.com/android/repository/commandlinetools-linux-14742923_latest.zip"

[tools.android-sdk."platforms.linux-x64"]
url = "https://dl.google.com/android/repository/commandlinetools-linux-14742923_latest.zip"

[tools.android-sdk."platforms.linux-x64-musl"]
url = "https://dl.google.com/android/repository/commandlinetools-linux-14742923_latest.zip"

[tools.android-sdk."platforms.macos-arm64"]
url = "https://dl.google.com/android/repository/commandlinetools-mac-14742923_latest.zip"

[tools.android-sdk."platforms.macos-x64"]
url = "https://dl.google.com/android/repository/commandlinetools-mac-14742923_latest.zip"

[tools.android-sdk."platforms.windows-x64"]
url = "https://dl.google.com/android/repository/commandlinetools-win-14742923_latest.zip"

[[tools.java]]
version = "temurin-21.0.11+10.0.LTS"
backend = "core:java"

[tools.java."platforms.linux-arm64"]
checksum = "sha256:8d498ec88e1c1989fab95c6784240ab92d011e29c54d20a3f9c324b13476f9ad"
url = "https://github.com/adoptium/temurin21-binaries/releases/download/jdk-21.0.11%2B10/OpenJDK21U-jdk_aarch64_linux_hotspot_21.0.11_10.tar.gz"

[tools.java."platforms.linux-arm64-musl"]
checksum = "sha256:c8d63598d1dc0a656033515ed258bd6db37506a05407d9f65cd23b95c21027b5"
url = "https://github.com/adoptium/temurin21-binaries/releases/download/jdk-21.0.11%2B10/OpenJDK21U-jdk_aarch64_alpine-linux_hotspot_21.0.11_10.tar.gz"

[tools.java."platforms.linux-x64"]
checksum = "sha256:4b2220e232a97997b436ca6ab15cbf70171ecff52958a46159dfa5a8c44ca4de"
url = "https://github.com/adoptium/temurin21-binaries/releases/download/jdk-21.0.11%2B10/OpenJDK21U-jdk_x64_linux_hotspot_21.0.11_10.tar.gz"

[tools.java."platforms.linux-x64-musl"]
checksum = "sha256:38bfdcef1e4b45de2ec222047ac79c76bea75d4d7406a310e26cfa236763f05f"
url = "https://github.com/adoptium/temurin21-binaries/releases/download/jdk-21.0.11%2B10/OpenJDK21U-jdk_x64_alpine-linux_hotspot_21.0.11_10.tar.gz"

[tools.java."platforms.macos-arm64"]
checksum = "sha256:6ebcf221c9b41507b14c098e93c6ead6440b8d9bd154f8ec666c4c73abbdb201"
url = "https://github.com/adoptium/temurin21-binaries/releases/download/jdk-21.0.11%2B10/OpenJDK21U-jdk_aarch64_mac_hotspot_21.0.11_10.tar.gz"

[tools.java."platforms.macos-x64"]
checksum = "sha256:34180eb03e6d207c388cce3da668f6cc7cd7508c185c24782fadac2c9c0e66f9"
url = "https://github.com/adoptium/temurin21-binaries/releases/download/jdk-21.0.11%2B10/OpenJDK21U-jdk_x64_mac_hotspot_21.0.11_10.tar.gz"

[tools.java."platforms.windows-x64"]
checksum = "sha256:d3625e7cadf23787ea540229544b6e2ab494b3b54da1801879e583e1dfee0a64"
url = "https://github.com/adoptium/temurin21-binaries/releases/download/jdk-21.0.11%2B10/OpenJDK21U-jdk_x64_windows_hotspot_21.0.11_10.zip"

[[tools.maestro]]
version = "cli-2.6.0"
backend = "github:mobile-dev-inc/maestro"

[tools.maestro."platforms.linux-arm64"]
checksum = "sha256:80185105a5d7e227e3b3fbcf225f45b312508ea676a9fc8e1b1aa1cac8b9ff6e"
url = "https://github.com/mobile-dev-inc/Maestro/releases/download/cli-2.6.0/maestro.zip"
url_api = "https://api.github.com/repos/mobile-dev-inc/Maestro/releases/assets/426144631"

[tools.maestro."platforms.linux-arm64-musl"]
checksum = "sha256:80185105a5d7e227e3b3fbcf225f45b312508ea676a9fc8e1b1aa1cac8b9ff6e"
url = "https://github.com/mobile-dev-inc/Maestro/releases/download/cli-2.6.0/maestro.zip"
url_api = "https://api.github.com/repos/mobile-dev-inc/Maestro/releases/assets/426144631"

[tools.maestro."platforms.linux-x64"]
checksum = "sha256:80185105a5d7e227e3b3fbcf225f45b312508ea676a9fc8e1b1aa1cac8b9ff6e"
url = "https://github.com/mobile-dev-inc/Maestro/releases/download/cli-2.6.0/maestro.zip"
url_api = "https://api.github.com/repos/mobile-dev-inc/Maestro/releases/assets/426144631"

[tools.maestro."platforms.linux-x64-musl"]
checksum = "sha256:80185105a5d7e227e3b3fbcf225f45b312508ea676a9fc8e1b1aa1cac8b9ff6e"
url = "https://github.com/mobile-dev-inc/Maestro/releases/download/cli-2.6.0/maestro.zip"
url_api = "https://api.github.com/repos/mobile-dev-inc/Maestro/releases/assets/426144631"

[tools.maestro."platforms.macos-arm64"]
checksum = "sha256:80185105a5d7e227e3b3fbcf225f45b312508ea676a9fc8e1b1aa1cac8b9ff6e"
url = "https://github.com/mobile-dev-inc/Maestro/releases/download/cli-2.6.0/maestro.zip"
url_api = "https://api.github.com/repos/mobile-dev-inc/Maestro/releases/assets/426144631"

[tools.maestro."platforms.macos-x64"]
checksum = "sha256:80185105a5d7e227e3b3fbcf225f45b312508ea676a9fc8e1b1aa1cac8b9ff6e"
url = "https://github.com/mobile-dev-inc/Maestro/releases/download/cli-2.6.0/maestro.zip"
url_api = "https://api.github.com/repos/mobile-dev-inc/Maestro/releases/assets/426144631"

[tools.maestro."platforms.windows-x64"]
checksum = "sha256:80185105a5d7e227e3b3fbcf225f45b312508ea676a9fc8e1b1aa1cac8b9ff6e"
url = "https://github.com/mobile-dev-inc/Maestro/releases/download/cli-2.6.0/maestro.zip"
url_api = "https://api.github.com/repos/mobile-dev-inc/Maestro/releases/assets/426144631"

[[tools.node]]
version = "24.10.0"
backend = "core:node"

[tools.node."platforms.linux-arm64"]
checksum = "sha256:42776dfc722991b1ac9f302f3d7b5cf989cf7aca519b479c50e59f0663803b73"
url = "https://nodejs.org/dist/v24.10.0/node-v24.10.0-linux-arm64.tar.gz"

[tools.node."platforms.linux-arm64-musl"]
checksum = "sha256:057d95aa80ddbfc45695c945642d2a6512d8e0f7340fe7cdbefe770c77e6587d"
url = "https://unofficial-builds.nodejs.org/download/release/v24.10.0/node-v24.10.0-linux-arm64-musl.tar.gz"

[tools.node."platforms.linux-x64"]
checksum = "sha256:2b03c5417ce0b1076780df00e01da373bead3b4b80d1c78c1ad10ee7b918d90c"
url = "https://nodejs.org/dist/v24.10.0/node-v24.10.0-linux-x64.tar.gz"

[tools.node."platforms.linux-x64-musl"]
checksum = "sha256:58bc6f01764d86afe3c57cff1da97775187fcbdf3416953534b4e1def6158b19"
url = "https://unofficial-builds.nodejs.org/download/release/v24.10.0/node-v24.10.0-linux-x64-musl.tar.gz"

[tools.node."platforms.macos-arm64"]
checksum = "sha256:fbc3d6e1e1d962450d058e918214373872cc4c46e08673f31c35932afac4a8c5"
url = "https://nodejs.org/dist/v24.10.0/node-v24.10.0-darwin-arm64.tar.gz"

[tools.node."platforms.macos-x64"]
checksum = "sha256:627b884f66db0dd35f4b46fb9e994774ce560a7fb60798ba1ab81e867a73687d"
url = "https://nodejs.org/dist/v24.10.0/node-v24.10.0-darwin-x64.tar.gz"

[tools.node."platforms.windows-x64"]
checksum = "sha256:adc1a2d5ca79c92e94f3a58c3ec0efa76bdb488769ba4d4b50990e4c84896060"
url = "https://nodejs.org/dist/v24.10.0/node-v24.10.0-win-x64.zip"

[[tools.yarn]]
version = "4.14.1"
backend = "vfox:mise-plugins/vfox-yarn"
